// !$*UTF8*$!
{
	archiveVersion = 1;
	classes = {
	};
	objectVersion = 56;
	objects = {

/* Begin PBXBuildFile section */
		073407502BEE740F0014248F /* ProjectHApp.swift in Sources */ = {isa = PBXBuildFile; fileRef = 0734074F2BEE740F0014248F /* ProjectHApp.swift */; };
		073407522BEE740F0014248F /* ContentView.swift in Sources */ = {isa = PBXBuildFile; fileRef = 073407512BEE740F0014248F /* ContentView.swift */; };
		073407542BEE74100014248F /* Assets.xcassets in Resources */ = {isa = PBXBuildFile; fileRef = 073407532BEE74100014248F /* Assets.xcassets */; };
		073407582BEE74100014248F /* Preview Assets.xcassets in Resources */ = {isa = PBXBuildFile; fileRef = 073407572BEE74100014248F /* Preview Assets.xcassets */; };
		073407602BEE75260014248F /* LoginView.swift in Sources */ = {isa = PBXBuildFile; fileRef = 0734075F2BEE75260014248F /* LoginView.swift */; };
		073407642BEE78290014248F /* LoginViewModel.swift in Sources */ = {isa = PBXBuildFile; fileRef = 073407632BEE78290014248F /* LoginViewModel.swift */; };
		073407672BEE7AF20014248F /* AuthManager.swift in Sources */ = {isa = PBXBuildFile; fileRef = 073407662BEE7AF20014248F /* AuthManager.swift */; };
		073407692BEE7B540014248F /* GoogleService-Info.plist in Resources */ = {isa = PBXBuildFile; fileRef = 073407682BEE7B540014248F /* GoogleService-Info.plist */; };
		0734076C2BEE7BA10014248F /* FirebaseAnalytics in Frameworks */ = {isa = PBXBuildFile; productRef = 0734076B2BEE7BA10014248F /* FirebaseAnalytics */; };
		0734076E2BEE7BA10014248F /* FirebaseAnalyticsSwift in Frameworks */ = {isa = PBXBuildFile; productRef = 0734076D2BEE7BA10014248F /* FirebaseAnalyticsSwift */; };
		073407712BEE7BAF0014248F /* FirebaseAuth in Frameworks */ = {isa = PBXBuildFile; productRef = 073407702BEE7BAF0014248F /* FirebaseAuth */; };
		073407732BEE7BB30014248F /* FirebaseFirestore in Frameworks */ = {isa = PBXBuildFile; productRef = 073407722BEE7BB30014248F /* FirebaseFirestore */; };
/* End PBXBuildFile section */

/* Begin PBXFileReference section */
		0734074C2BEE740F0014248F /* ProjectH.app */ = {isa = PBXFileReference; explicitFileType = wrapper.application; includeInIndex = 0; path = ProjectH.app; sourceTree = BUILT_PRODUCTS_DIR; };
		0734074F2BEE740F0014248F /* ProjectHApp.swift */ = {isa = PBXFileReference; lastKnownFileType = sourcecode.swift; path = ProjectHApp.swift; sourceTree = "<group>"; };
		073407512BEE740F0014248F /* ContentView.swift */ = {isa = PBXFileReference; lastKnownFileType = sourcecode.swift; path = ContentView.swift; sourceTree = "<group>"; };
		073407532BEE74100014248F /* Assets.xcassets */ = {isa = PBXFileReference; lastKnownFileType = folder.assetcatalog; path = Assets.xcassets; sourceTree = "<group>"; };
		073407552BEE74100014248F /* ProjectH.entitlements */ = {isa = PBXFileReference; lastKnownFileType = text.plist.entitlements; path = ProjectH.entitlements; sourceTree = "<group>"; };
		073407572BEE74100014248F /* Preview Assets.xcassets */ = {isa = PBXFileReference; lastKnownFileType = folder.assetcatalog; path = "Preview Assets.xcassets"; sourceTree = "<group>"; };
		0734075F2BEE75260014248F /* LoginView.swift */ = {isa = PBXFileReference; lastKnownFileType = sourcecode.swift; path = LoginView.swift; sourceTree = "<group>"; };
		073407632BEE78290014248F /* LoginViewModel.swift */ = {isa = PBXFileReference; lastKnownFileType = sourcecode.swift; path = LoginViewModel.swift; sourceTree = "<group>"; };
		073407662BEE7AF20014248F /* AuthManager.swift */ = {isa = PBXFileReference; lastKnownFileType = sourcecode.swift; path = AuthManager.swift; sourceTree = "<group>"; };
		073407682BEE7B540014248F /* GoogleService-Info.plist */ = {isa = PBXFileReference; fileEncoding = 4; lastKnownFileType = text.plist.xml; path = "GoogleService-Info.plist"; sourceTree = "<group>"; };
/* End PBXFileReference section */

/* Begin PBXFrameworksBuildPhase section */
		073407492BEE740F0014248F /* Frameworks */ = {
			isa = PBXFrameworksBuildPhase;
			buildActionMask = 2147483647;
			files = (
				0734076E2BEE7BA10014248F /* FirebaseAnalyticsSwift in Frameworks */,
				073407732BEE7BB30014248F /* FirebaseFirestore in Frameworks */,
				073407712BEE7BAF0014248F /* FirebaseAuth in Frameworks */,
				0734076C2BEE7BA10014248F /* FirebaseAnalytics in Frameworks */,
			);
			runOnlyForDeploymentPostprocessing = 0;
		};
/* End PBXFrameworksBuildPhase section */

/* Begin PBXGroup section */
		073407432BEE740F0014248F = {
			isa = PBXGroup;
			children = (
				0734074E2BEE740F0014248F /* ProjectH */,
				0734074D2BEE740F0014248F /* Products */,
				0734076F2BEE7BAF0014248F /* Frameworks */,
			);
			sourceTree = "<group>";
		};
		0734074D2BEE740F0014248F /* Products */ = {
			isa = PBXGroup;
			children = (
				0734074C2BEE740F0014248F /* ProjectH.app */,
			);
			name = Products;
			sourceTree = "<group>";
		};
		0734074E2BEE740F0014248F /* ProjectH */ = {
			isa = PBXGroup;
			children = (
				073407682BEE7B540014248F /* GoogleService-Info.plist */,
				073407652BEE7AE60014248F /* Managers */,
				073407622BEE752E0014248F /* Models */,
				073407612BEE752B0014248F /* ViewModels */,
				0734075E2BEE751C0014248F /* Views */,
				0734074F2BEE740F0014248F /* ProjectHApp.swift */,
				073407512BEE740F0014248F /* ContentView.swift */,
				073407532BEE74100014248F /* Assets.xcassets */,
				073407552BEE74100014248F /* ProjectH.entitlements */,
				073407562BEE74100014248F /* Preview Content */,
			);
			path = ProjectH;
			sourceTree = "<group>";
		};
		073407562BEE74100014248F /* Preview Content */ = {
			isa = PBXGroup;
			children = (
				073407572BEE74100014248F /* Preview Assets.xcassets */,
			);
			path = "Preview Content";
			sourceTree = "<group>";
		};
		0734075E2BEE751C0014248F /* Views */ = {
			isa = PBXGroup;
			children = (
				0734075F2BEE75260014248F /* LoginView.swift */,
			);
			path = Views;
			sourceTree = "<group>";
		};
		073407612BEE752B0014248F /* ViewModels */ = {
			isa = PBXGroup;
			children = (
				073407632BEE78290014248F /* LoginViewModel.swift */,
			);
			path = ViewModels;
			sourceTree = "<group>";
		};
		073407622BEE752E0014248F /* Models */ = {
			isa = PBXGroup;
			children = (
			);
			path = Models;
			sourceTree = "<group>";
		};
		073407652BEE7AE60014248F /* Managers */ = {
			isa = PBXGroup;
			children = (
				073407662BEE7AF20014248F /* AuthManager.swift */,
			);
			path = Managers;
			sourceTree = "<group>";
		};
		0734076F2BEE7BAF0014248F /* Frameworks */ = {
			isa = PBXGroup;
			children = (
			);
			name = Frameworks;
			sourceTree = "<group>";
		};
/* End PBXGroup section */

/* Begin PBXNativeTarget section */
		0734074B2BEE740F0014248F /* ProjectH */ = {
			isa = PBXNativeTarget;
			buildConfigurationList = 0734075B2BEE74100014248F /* Build configuration list for PBXNativeTarget "ProjectH" */;
			buildPhases = (
				073407482BEE740F0014248F /* Sources */,
				073407492BEE740F0014248F /* Frameworks */,
				0734074A2BEE740F0014248F /* Resources */,
			);
			buildRules = (
			);
			dependencies = (
			);
			name = ProjectH;
			packageProductDependencies = (
				0734076B2BEE7BA10014248F /* FirebaseAnalytics */,
				0734076D2BEE7BA10014248F /* FirebaseAnalyticsSwift */,
				073407702BEE7BAF0014248F /* FirebaseAuth */,
				073407722BEE7BB30014248F /* FirebaseFirestore */,
			);
			productName = ProjectH;
			productReference = 0734074C2BEE740F0014248F /* ProjectH.app */;
			productType = "com.apple.product-type.application";
		};
/* End PBXNativeTarget section */

/* Begin PBXProject section */
		073407442BEE740F0014248F /* Project object */ = {
			isa = PBXProject;
			attributes = {
				BuildIndependentTargetsInParallel = 1;
				LastSwiftUpdateCheck = 1530;
				LastUpgradeCheck = 1530;
				TargetAttributes = {
					0734074B2BEE740F0014248F = {
						CreatedOnToolsVersion = 15.3;
					};
				};
			};
			buildConfigurationList = 073407472BEE740F0014248F /* Build configuration list for PBXProject "ProjectH" */;
			compatibilityVersion = "Xcode 14.0";
			developmentRegion = en;
			hasScannedForEncodings = 0;
			knownRegions = (
				en,
				Base,
			);
			mainGroup = 073407432BEE740F0014248F;
			packageReferences = (
				0734076A2BEE7BA10014248F /* XCRemoteSwiftPackageReference "firebase-ios-sdk" */,
			);
			productRefGroup = 0734074D2BEE740F0014248F /* Products */;
			projectDirPath = "";
			projectRoot = "";
			targets = (
				0734074B2BEE740F0014248F /* ProjectH */,
			);
		};
/* End PBXProject section */

/* Begin PBXResourcesBuildPhase section */
		0734074A2BEE740F0014248F /* Resources */ = {
			isa = PBXResourcesBuildPhase;
			buildActionMask = 2147483647;
			files = (
				073407582BEE74100014248F /* Preview Assets.xcassets in Resources */,
				073407542BEE74100014248F /* Assets.xcassets in Resources */,
				073407692BEE7B540014248F /* GoogleService-Info.plist in Resources */,
			);
			runOnlyForDeploymentPostprocessing = 0;
		};
/* End PBXResourcesBuildPhase section */

/* Begin PBXSourcesBuildPhase section */
		073407482BEE740F0014248F /* Sources */ = {
			isa = PBXSourcesBuildPhase;
			buildActionMask = 2147483647;
			files = (
				073407642BEE78290014248F /* LoginViewModel.swift in Sources */,
				073407602BEE75260014248F /* LoginView.swift in Sources */,
				073407522BEE740F0014248F /* ContentView.swift in Sources */,
				073407502BEE740F0014248F /* ProjectHApp.swift in Sources */,
				073407672BEE7AF20014248F /* AuthManager.swift in Sources */,
			);
			runOnlyForDeploymentPostprocessing = 0;
		};
/* End PBXSourcesBuildPhase section */

/* Begin XCBuildConfiguration section */
		073407592BEE74100014248F /* Debug */ = {
			isa = XCBuildConfiguration;
			buildSettings = {
				ALWAYS_SEARCH_USER_PATHS = NO;
				ASSETCATALOG_COMPILER_GENERATE_SWIFT_ASSET_SYMBOL_EXTENSIONS = YES;
				CLANG_ANALYZER_NONNULL = YES;
				CLANG_ANALYZER_NUMBER_OBJECT_CONVERSION = YES_AGGRESSIVE;
				CLANG_CXX_LANGUAGE_STANDARD = "gnu++20";
				CLANG_ENABLE_MODULES = YES;
				CLANG_ENABLE_OBJC_ARC = YES;
				CLANG_ENABLE_OBJC_WEAK = YES;
				CLANG_WARN_BLOCK_CAPTURE_AUTORELEASING = YES;
				CLANG_WARN_BOOL_CONVERSION = YES;
				CLANG_WARN_COMMA = YES;
				CLANG_WARN_CONSTANT_CONVERSION = YES;
				CLANG_WARN_DEPRECATED_OBJC_IMPLEMENTATIONS = YES;
				CLANG_WARN_DIRECT_OBJC_ISA_USAGE = YES_ERROR;
				CLANG_WARN_DOCUMENTATION_COMMENTS = YES;
				CLANG_WARN_EMPTY_BODY = YES;
				CLANG_WARN_ENUM_CONVERSION = YES;
				CLANG_WARN_INFINITE_RECURSION = YES;
				CLANG_WARN_INT_CONVERSION = YES;
				CLANG_WARN_NON_LITERAL_NULL_CONVERSION = YES;
				CLANG_WARN_OBJC_IMPLICIT_RETAIN_SELF = YES;
				CLANG_WARN_OBJC_LITERAL_CONVERSION = YES;
				CLANG_WARN_OBJC_ROOT_CLASS = YES_ERROR;
				CLANG_WARN_QUOTED_INCLUDE_IN_FRAMEWORK_HEADER = YES;
				CLANG_WARN_RANGE_LOOP_ANALYSIS = YES;
				CLANG_WARN_STRICT_PROTOTYPES = YES;
				CLANG_WARN_SUSPICIOUS_MOVE = YES;
				CLANG_WARN_UNGUARDED_AVAILABILITY = YES_AGGRESSIVE;
				CLANG_WARN_UNREACHABLE_CODE = YES;
				CLANG_WARN__DUPLICATE_METHOD_MATCH = YES;
				COPY_PHASE_STRIP = NO;
				DEBUG_INFORMATION_FORMAT = dwarf;
				ENABLE_STRICT_OBJC_MSGSEND = YES;
				ENABLE_TESTABILITY = YES;
				ENABLE_USER_SCRIPT_SANDBOXING = YES;
				GCC_C_LANGUAGE_STANDARD = gnu17;
				GCC_DYNAMIC_NO_PIC = NO;
				GCC_NO_COMMON_BLOCKS = YES;
				GCC_OPTIMIZATION_LEVEL = 0;
				GCC_PREPROCESSOR_DEFINITIONS = (
					"DEBUG=1",
					"$(inherited)",
				);
				GCC_WARN_64_TO_32_BIT_CONVERSION = YES;
				GCC_WARN_ABOUT_RETURN_TYPE = YES_ERROR;
				GCC_WARN_UNDECLARED_SELECTOR = YES;
				GCC_WARN_UNINITIALIZED_AUTOS = YES_AGGRESSIVE;
				GCC_WARN_UNUSED_FUNCTION = YES;
				GCC_WARN_UNUSED_VARIABLE = YES;
				LOCALIZATION_PREFERS_STRING_CATALOGS = YES;
				MTL_ENABLE_DEBUG_INFO = INCLUDE_SOURCE;
				MTL_FAST_MATH = YES;
				ONLY_ACTIVE_ARCH = YES;
				SWIFT_ACTIVE_COMPILATION_CONDITIONS = "DEBUG $(inherited)";
				SWIFT_OPTIMIZATION_LEVEL = "-Onone";
			};
			name = Debug;
		};
		0734075A2BEE74100014248F /* Release */ = {
			isa = XCBuildConfiguration;
			buildSettings = {
				ALWAYS_SEARCH_USER_PATHS = NO;
				ASSETCATALOG_COMPILER_GENERATE_SWIFT_ASSET_SYMBOL_EXTENSIONS = YES;
				CLANG_ANALYZER_NONNULL = YES;
				CLANG_ANALYZER_NUMBER_OBJECT_CONVERSION = YES_AGGRESSIVE;
				CLANG_CXX_LANGUAGE_STANDARD = "gnu++20";
				CLANG_ENABLE_MODULES = YES;
				CLANG_ENABLE_OBJC_ARC = YES;
				CLANG_ENABLE_OBJC_WEAK = YES;
				CLANG_WARN_BLOCK_CAPTURE_AUTORELEASING = YES;
				CLANG_WARN_BOOL_CONVERSION = YES;
				CLANG_WARN_COMMA = YES;
				CLANG_WARN_CONSTANT_CONVERSION = YES;
				CLANG_WARN_DEPRECATED_OBJC_IMPLEMENTATIONS = YES;
				CLANG_WARN_DIRECT_OBJC_ISA_USAGE = YES_ERROR;
				CLANG_WARN_DOCUMENTATION_COMMENTS = YES;
				CLANG_WARN_EMPTY_BODY = YES;
				CLANG_WARN_ENUM_CONVERSION = YES;
				CLANG_WARN_INFINITE_RECURSION = YES;
				CLANG_WARN_INT_CONVERSION = YES;
				CLANG_WARN_NON_LITERAL_NULL_CONVERSION = YES;
				CLANG_WARN_OBJC_IMPLICIT_RETAIN_SELF = YES;
				CLANG_WARN_OBJC_LITERAL_CONVERSION = YES;
				CLANG_WARN_OBJC_ROOT_CLASS = YES_ERROR;
				CLANG_WARN_QUOTED_INCLUDE_IN_FRAMEWORK_HEADER = YES;
				CLANG_WARN_RANGE_LOOP_ANALYSIS = YES;
				CLANG_WARN_STRICT_PROTOTYPES = YES;
				CLANG_WARN_SUSPICIOUS_MOVE = YES;
				CLANG_WARN_UNGUARDED_AVAILABILITY = YES_AGGRESSIVE;
				CLANG_WARN_UNREACHABLE_CODE = YES;
				CLANG_WARN__DUPLICATE_METHOD_MATCH = YES;
				COPY_PHASE_STRIP = NO;
				DEBUG_INFORMATION_FORMAT = "dwarf-with-dsym";
				ENABLE_NS_ASSERTIONS = NO;
				ENABLE_STRICT_OBJC_MSGSEND = YES;
				ENABLE_USER_SCRIPT_SANDBOXING = YES;
				GCC_C_LANGUAGE_STANDARD = gnu17;
				GCC_NO_COMMON_BLOCKS = YES;
				GCC_WARN_64_TO_32_BIT_CONVERSION = YES;
				GCC_WARN_ABOUT_RETURN_TYPE = YES_ERROR;
				GCC_WARN_UNDECLARED_SELECTOR = YES;
				GCC_WARN_UNINITIALIZED_AUTOS = YES_AGGRESSIVE;
				GCC_WARN_UNUSED_FUNCTION = YES;
				GCC_WARN_UNUSED_VARIABLE = YES;
				LOCALIZATION_PREFERS_STRING_CATALOGS = YES;
				MTL_ENABLE_DEBUG_INFO = NO;
				MTL_FAST_MATH = YES;
				SWIFT_COMPILATION_MODE = wholemodule;
			};
			name = Release;
		};
		0734075C2BEE74100014248F /* Debug */ = {
			isa = XCBuildConfiguration;
			buildSettings = {
				ASSETCATALOG_COMPILER_APPICON_NAME = AppIcon;
				ASSETCATALOG_COMPILER_GLOBAL_ACCENT_COLOR_NAME = AccentColor;
				CODE_SIGN_ENTITLEMENTS = ProjectH/ProjectH.entitlements;
				CODE_SIGN_STYLE = Automatic;
				CURRENT_PROJECT_VERSION = 1;
				DEVELOPMENT_ASSET_PATHS = "\"ProjectH/Preview Content\"";
				DEVELOPMENT_TEAM = VGKCD7Q8NW;
				ENABLE_HARDENED_RUNTIME = YES;
				ENABLE_PREVIEWS = YES;
				GENERATE_INFOPLIST_FILE = YES;
				"INFOPLIST_KEY_UIApplicationSceneManifest_Generation[sdk=iphoneos*]" = YES;
				"INFOPLIST_KEY_UIApplicationSceneManifest_Generation[sdk=iphonesimulator*]" = YES;
				"INFOPLIST_KEY_UIApplicationSupportsIndirectInputEvents[sdk=iphoneos*]" = YES;
				"INFOPLIST_KEY_UIApplicationSupportsIndirectInputEvents[sdk=iphonesimulator*]" = YES;
				"INFOPLIST_KEY_UILaunchScreen_Generation[sdk=iphoneos*]" = YES;
				"INFOPLIST_KEY_UILaunchScreen_Generation[sdk=iphonesimulator*]" = YES;
				"INFOPLIST_KEY_UIStatusBarStyle[sdk=iphoneos*]" = UIStatusBarStyleDefault;
				"INFOPLIST_KEY_UIStatusBarStyle[sdk=iphonesimulator*]" = UIStatusBarStyleDefault;
				INFOPLIST_KEY_UISupportedInterfaceOrientations_iPad = "UIInterfaceOrientationPortrait UIInterfaceOrientationPortraitUpsideDown UIInterfaceOrientationLandscapeLeft UIInterfaceOrientationLandscapeRight";
				INFOPLIST_KEY_UISupportedInterfaceOrientations_iPhone = "UIInterfaceOrientationPortrait UIInterfaceOrientationLandscapeLeft UIInterfaceOrientationLandscapeRight";
				IPHONEOS_DEPLOYMENT_TARGET = 17.4;
				LD_RUNPATH_SEARCH_PATHS = "@executable_path/Frameworks";
				"LD_RUNPATH_SEARCH_PATHS[sdk=macosx*]" = "@executable_path/../Frameworks";
				MACOSX_DEPLOYMENT_TARGET = 14.1;
				MARKETING_VERSION = 1.0;
				PRODUCT_BUNDLE_IDENTIFIER = com.Eric.ProjectH;
				PRODUCT_NAME = "$(TARGET_NAME)";
				SDKROOT = auto;
				SUPPORTED_PLATFORMS = "iphoneos iphonesimulator macosx";
				SWIFT_EMIT_LOC_STRINGS = YES;
				SWIFT_VERSION = 5.0;
				TARGETED_DEVICE_FAMILY = "1,2";
			};
			name = Debug;
		};
		0734075D2BEE74100014248F /* Release */ = {
			isa = XCBuildConfiguration;
			buildSettings = {
				ASSETCATALOG_COMPILER_APPICON_NAME = AppIcon;
				ASSETCATALOG_COMPILER_GLOBAL_ACCENT_COLOR_NAME = AccentColor;
				CODE_SIGN_ENTITLEMENTS = ProjectH/ProjectH.entitlements;
				CODE_SIGN_STYLE = Automatic;
				CURRENT_PROJECT_VERSION = 1;
				DEVELOPMENT_ASSET_PATHS = "\"ProjectH/Preview Content\"";
				DEVELOPMENT_TEAM = VGKCD7Q8NW;
				ENABLE_HARDENED_RUNTIME = YES;
				ENABLE_PREVIEWS = YES;
				GENERATE_INFOPLIST_FILE = YES;
				"INFOPLIST_KEY_UIApplicationSceneManifest_Generation[sdk=iphoneos*]" = YES;
				"INFOPLIST_KEY_UIApplicationSceneManifest_Generation[sdk=iphonesimulator*]" = YES;
				"INFOPLIST_KEY_UIApplicationSupportsIndirectInputEvents[sdk=iphoneos*]" = YES;
				"INFOPLIST_KEY_UIApplicationSupportsIndirectInputEvents[sdk=iphonesimulator*]" = YES;
				"INFOPLIST_KEY_UILaunchScreen_Generation[sdk=iphoneos*]" = YES;
				"INFOPLIST_KEY_UILaunchScreen_Generation[sdk=iphonesimulator*]" = YES;
				"INFOPLIST_KEY_UIStatusBarStyle[sdk=iphoneos*]" = UIStatusBarStyleDefault;
				"INFOPLIST_KEY_UIStatusBarStyle[sdk=iphonesimulator*]" = UIStatusBarStyleDefault;
				INFOPLIST_KEY_UISupportedInterfaceOrientations_iPad = "UIInterfaceOrientationPortrait UIInterfaceOrientationPortraitUpsideDown UIInterfaceOrientationLandscapeLeft UIInterfaceOrientationLandscapeRight";
				INFOPLIST_KEY_UISupportedInterfaceOrientations_iPhone = "UIInterfaceOrientationPortrait UIInterfaceOrientationLandscapeLeft UIInterfaceOrientationLandscapeRight";
				IPHONEOS_DEPLOYMENT_TARGET = 17.4;
				LD_RUNPATH_SEARCH_PATHS = "@executable_path/Frameworks";
				"LD_RUNPATH_SEARCH_PATHS[sdk=macosx*]" = "@executable_path/../Frameworks";
				MACOSX_DEPLOYMENT_TARGET = 14.1;
				MARKETING_VERSION = 1.0;
				PRODUCT_BUNDLE_IDENTIFIER = com.Eric.ProjectH;
				PRODUCT_NAME = "$(TARGET_NAME)";
				SDKROOT = auto;
				SUPPORTED_PLATFORMS = "iphoneos iphonesimulator macosx";
				SWIFT_EMIT_LOC_STRINGS = YES;
				SWIFT_VERSION = 5.0;
				TARGETED_DEVICE_FAMILY = "1,2";
			};
			name = Release;
		};
/* End XCBuildConfiguration section */

/* Begin XCConfigurationList section */
		073407472BEE740F0014248F /* Build configuration list for PBXProject "ProjectH" */ = {
			isa = XCConfigurationList;
			buildConfigurations = (
				073407592BEE74100014248F /* Debug */,
				0734075A2BEE74100014248F /* Release */,
			);
			defaultConfigurationIsVisible = 0;
			defaultConfigurationName = Release;
		};
		0734075B2BEE74100014248F /* Build configuration list for PBXNativeTarget "ProjectH" */ = {
			isa = XCConfigurationList;
			buildConfigurations = (
				0734075C2BEE74100014248F /* Debug */,
				0734075D2BEE74100014248F /* Release */,
			);
			defaultConfigurationIsVisible = 0;
			defaultConfigurationName = Release;
		};
/* End XCConfigurationList section */

/* Begin XCRemoteSwiftPackageReference section */
		0734076A2BEE7BA10014248F /* XCRemoteSwiftPackageReference "firebase-ios-sdk" */ = {
			isa = XCRemoteSwiftPackageReference;
			repositoryURL = "https://github.com/firebase/firebase-ios-sdk.git";
			requirement = {
				kind = exactVersion;
				version = 10.25.0;
			};
		};
/* End XCRemoteSwiftPackageReference section */

/* Begin XCSwiftPackageProductDependency section */
		0734076B2BEE7BA10014248F /* FirebaseAnalytics */ = {
			isa = XCSwiftPackageProductDependency;
			package = 0734076A2BEE7BA10014248F /* XCRemoteSwiftPackageReference "firebase-ios-sdk" */;
			productName = FirebaseAnalytics;
		};
		0734076D2BEE7BA10014248F /* FirebaseAnalyticsSwift */ = {
			isa = XCSwiftPackageProductDependency;
			package = 0734076A2BEE7BA10014248F /* XCRemoteSwiftPackageReference "firebase-ios-sdk" */;
			productName = FirebaseAnalyticsSwift;
		};
		073407702BEE7BAF0014248F /* FirebaseAuth */ = {
			isa = XCSwiftPackageProductDependency;
			package = 0734076A2BEE7BA10014248F /* XCRemoteSwiftPackageReference "firebase-ios-sdk" */;
			productName = FirebaseAuth;
		};
		073407722BEE7BB30014248F /* FirebaseFirestore */ = {
			isa = XCSwiftPackageProductDependency;
			package = 0734076A2BEE7BA10014248F /* XCRemoteSwiftPackageReference "firebase-ios-sdk" */;
			productName = FirebaseFirestore;
		};
/* End XCSwiftPackageProductDependency section */
	};
	rootObject = 073407442BEE740F0014248F /* Project object */;
}
